<?xml version="1.0" encoding="utf-8"?>
<Project ToolsVersion="4.0" xmlns="http://schemas.microsoft.com/developer/msbuild/2003">
  <ItemGroup>
    <Filter Include="editor">
      <UniqueIdentifier>{1e905e89-11d5-4d41-8ad9-dd32baff5efc}</UniqueIdentifier>
    </Filter>
    <Filter Include="Data">
      <UniqueIdentifier>{dce003f6-0d4a-4abe-b39a-22044d810f02}</UniqueIdentifier>
    </Filter>
    <Filter Include="Data\Res">
      <UniqueIdentifier>{9a37b423-7281-4aff-9b0c-648fd544dbeb}</UniqueIdentifier>
    </Filter>
    <Filter Include="source">
      <UniqueIdentifier>{4FC737F1-C7A5-4376-A066-2A32D752A2FF}</UniqueIdentifier>
      <Extensions>cpp;c;cc;cxx;def;odl;idl;hpj;bat;asm;asmx</Extensions>
    </Filter>
    <Filter Include="source\header">
      <UniqueIdentifier>{2f249948-fd7a-47ca-b136-78d2bf97efd0}</UniqueIdentifier>
    </Filter>
  </ItemGroup>
  <ItemGroup>
    <ClCompile Include="app\main.cpp">
      <Filter>source</Filter>
    </ClCompile>
    <ClCompile Include="app\app.cpp">
      <Filter>source</Filter>
    </ClCompile>
    <ClCompile Include="app\app_graphics.cpp">
      <Filter>source</Filter>
    </ClCompile>
    <ClCompile Include="app\editor_gui.cpp">
      <Filter>source</Filter>
    </ClCompile>
    <ClCompile Include="app\stdafx.cpp">
      <Filter>source</Filter>
    </ClCompile>
  </ItemGroup>
  <ItemGroup>
    <ClInclude Include="app\app.h">
      <Filter>source\header</Filter>
    </ClInclude>
    <ClInclude Include="app\app_graphics.h">
      <Filter>source\header</Filter>
    </ClInclude>
    <ClInclude Include="app\editor_gui.h">
      <Filter>source\header</Filter>
    </ClInclude>
    <ClInclude Include="app\stdafx.h">
      <Filter>source\header</Filter>
    </ClInclude>
  </ItemGroup>
  <ItemGroup>
    <FxCompile Include="Data\Res\ps.hlsl">
      <Filter>Data\Res</Filter>
    </FxCompile>
    <FxCompile Include="Data\Res\vs.hlsl">
      <Filter>Data\Res</Filter>
    </FxCompile>
  </ItemGroup>
</Project>