
Microsoft Visual Studio Solution File, Format Version 12.00
# Visual Studio 14
VisualStudioVersion = 14.0.25420.1
MinimumVisualStudioVersion = 10.0.40219.1
Project("{FAE04EC0-301F-11D3-BF4B-00C04F79EFBC}") = "RigelEngine", "RigelEngine\RigelEngine.csproj", "{2FB92CE5-3E23-4AD5-A877-D38A14A655F8}"
EndProject
Project("{8BC9CEB8-8B4A-11D0-8D11-00A0C91BC942}") = "RigelCore", "RigelCore\RigelCore.vcxproj", "{70A7A141-B986-4924-9A73-D0692C2994FC}"
EndProject
Project("{2150E333-8FDC-42A3-9474-1A3956D46DE8}") = "ThridPart", "ThridPart", "{7E7282D3-222A-4494-A681-DACC09F2AA59}"
EndProject
Project("{8BC9CEB8-8B4A-11D0-8D11-00A0C91BC942}") = "imgui", "ThirdPart\imgui\imgui.vcxproj", "{CEB46F48-1E04-4A85-8CE0-6B144A8638CA}"
EndProject
Project("{FAE04EC0-301F-11D3-BF4B-00C04F79EFBC}") = "RigelEditor.Internal", "Assembly\RigelEditor.Internal\RigelEditor.Internal.csproj", "{5DF443BF-D365-4024-9EBC-342B491526C7}"
EndProject
Global
	GlobalSection(SolutionConfigurationPlatforms) = preSolution
		Debug|Any CPU = Debug|Any CPU
		Debug|x64 = Debug|x64
		Debug|x86 = Debug|x86
		Release|Any CPU = Release|Any CPU
		Release|x64 = Release|x64
		Release|x86 = Release|x86
	EndGlobalSection
	GlobalSection(ProjectConfigurationPlatforms) = postSolution
		{2FB92CE5-3E23-4AD5-A877-D38A14A655F8}.Debug|Any CPU.ActiveCfg = Debug|Any CPU
		{2FB92CE5-3E23-4AD5-A877-D38A14A655F8}.Debug|Any CPU.Build.0 = Debug|Any CPU
		{2FB92CE5-3E23-4AD5-A877-D38A14A655F8}.Debug|x64.ActiveCfg = Debug|Any CPU
		{2FB92CE5-3E23-4AD5-A877-D38A14A655F8}.Debug|x64.Build.0 = Debug|Any CPU
		{2FB92CE5-3E23-4AD5-A877-D38A14A655F8}.Debug|x86.ActiveCfg = Debug|Any CPU
		{2FB92CE5-3E23-4AD5-A877-D38A14A655F8}.Debug|x86.Build.0 = Debug|Any CPU
		{2FB92CE5-3E23-4AD5-A877-D38A14A655F8}.Release|Any CPU.ActiveCfg = Release|Any CPU
		{2FB92CE5-3E23-4AD5-A877-D38A14A655F8}.Release|Any CPU.Build.0 = Release|Any CPU
		{2FB92CE5-3E23-4AD5-A877-D38A14A655F8}.Release|x64.ActiveCfg = Release|Any CPU
		{2FB92CE5-3E23-4AD5-A877-D38A14A655F8}.Release|x64.Build.0 = Release|Any CPU
		{2FB92CE5-3E23-4AD5-A877-D38A14A655F8}.Release|x86.ActiveCfg = Release|Any CPU
		{2FB92CE5-3E23-4AD5-A877-D38A14A655F8}.Release|x86.Build.0 = Release|Any CPU
		{70A7A141-B986-4924-9A73-D0692C2994FC}.Debug|Any CPU.ActiveCfg = Debug|Win32
		{70A7A141-B986-4924-9A73-D0692C2994FC}.Debug|x64.ActiveCfg = Debug|x64
		{70A7A141-B986-4924-9A73-D0692C2994FC}.Debug|x64.Build.0 = Debug|x64
		{70A7A141-B986-4924-9A73-D0692C2994FC}.Debug|x86.ActiveCfg = Debug|Win32
		{70A7A141-B986-4924-9A73-D0692C2994FC}.Debug|x86.Build.0 = Debug|Win32
		{70A7A141-B986-4924-9A73-D0692C2994FC}.Release|Any CPU.ActiveCfg = Release|Win32
		{70A7A141-B986-4924-9A73-D0692C2994FC}.Release|x64.ActiveCfg = Release|x64
		{70A7A141-B986-4924-9A73-D0692C2994FC}.Release|x64.Build.0 = Release|x64
		{70A7A141-B986-4924-9A73-D0692C2994FC}.Release|x86.ActiveCfg = Release|Win32
		{70A7A141-B986-4924-9A73-D0692C2994FC}.Release|x86.Build.0 = Release|Win32
		{CEB46F48-1E04-4A85-8CE0-6B144A8638CA}.Debug|Any CPU.ActiveCfg = Debug|Win32
		{CEB46F48-1E04-4A85-8CE0-6B144A8638CA}.Debug|x64.ActiveCfg = Debug|x64
		{CEB46F48-1E04-4A85-8CE0-6B144A8638CA}.Debug|x64.Build.0 = Debug|x64
		{CEB46F48-1E04-4A85-8CE0-6B144A8638CA}.Debug|x86.ActiveCfg = Debug|Win32
		{CEB46F48-1E04-4A85-8CE0-6B144A8638CA}.Debug|x86.Build.0 = Debug|Win32
		{CEB46F48-1E04-4A85-8CE0-6B144A8638CA}.Release|Any CPU.ActiveCfg = Release|Win32
		{CEB46F48-1E04-4A85-8CE0-6B144A8638CA}.Release|x64.ActiveCfg = Release|x64
		{CEB46F48-1E04-4A85-8CE0-6B144A8638CA}.Release|x64.Build.0 = Release|x64
		{CEB46F48-1E04-4A85-8CE0-6B144A8638CA}.Release|x86.ActiveCfg = Release|Win32
		{CEB46F48-1E04-4A85-8CE0-6B144A8638CA}.Release|x86.Build.0 = Release|Win32
		{5DF443BF-D365-4024-9EBC-342B491526C7}.Debug|Any CPU.ActiveCfg = Debug|Any CPU
		{5DF443BF-D365-4024-9EBC-342B491526C7}.Debug|Any CPU.Build.0 = Debug|Any CPU
		{5DF443BF-D365-4024-9EBC-342B491526C7}.Debug|x64.ActiveCfg = Debug|Any CPU
		{5DF443BF-D365-4024-9EBC-342B491526C7}.Debug|x64.Build.0 = Debug|Any CPU
		{5DF443BF-D365-4024-9EBC-342B491526C7}.Debug|x86.ActiveCfg = Debug|Any CPU
		{5DF443BF-D365-4024-9EBC-342B491526C7}.Debug|x86.Build.0 = Debug|Any CPU
		{5DF443BF-D365-4024-9EBC-342B491526C7}.Release|Any CPU.ActiveCfg = Release|Any CPU
		{5DF443BF-D365-4024-9EBC-342B491526C7}.Release|Any CPU.Build.0 = Release|Any CPU
		{5DF443BF-D365-4024-9EBC-342B491526C7}.Release|x64.ActiveCfg = Release|Any CPU
		{5DF443BF-D365-4024-9EBC-342B491526C7}.Release|x64.Build.0 = Release|Any CPU
		{5DF443BF-D365-4024-9EBC-342B491526C7}.Release|x86.ActiveCfg = Release|Any CPU
		{5DF443BF-D365-4024-9EBC-342B491526C7}.Release|x86.Build.0 = Release|Any CPU
	EndGlobalSection
	GlobalSection(SolutionProperties) = preSolution
		HideSolutionNode = FALSE
	EndGlobalSection
	GlobalSection(NestedProjects) = preSolution
		{CEB46F48-1E04-4A85-8CE0-6B144A8638CA} = {7E7282D3-222A-4494-A681-DACC09F2AA59}
	EndGlobalSection
EndGlobal
