<?xml version="1.0" encoding="utf-8"?>
<Project ToolsVersion="4.0" xmlns="http://schemas.microsoft.com/developer/msbuild/2003">
  <ItemGroup>
    <Filter Include="源文件">
      <UniqueIdentifier>{4FC737F1-C7A5-4376-A066-2A32D752A2FF}</UniqueIdentifier>
      <Extensions>cpp;c;cc;cxx;def;odl;idl;hpj;bat;asm;asmx</Extensions>
    </Filter>
    <Filter Include="头文件">
      <UniqueIdentifier>{93995380-89BD-4b04-88EB-625FBE52EBFB}</UniqueIdentifier>
      <Extensions>h;hh;hpp;hxx;hm;inl;inc;xsd</Extensions>
    </Filter>
    <Filter Include="modules">
      <UniqueIdentifier>{386ea89c-eafe-44a4-8ac3-fd3926b1f11f}</UniqueIdentifier>
    </Filter>
  </ItemGroup>
  <ItemGroup>
    <ClInclude Include="rg_pluginmanager.h">
      <Filter>头文件</Filter>
    </ClInclude>
    <ClInclude Include="rg_pluginbase.h">
      <Filter>头文件</Filter>
    </ClInclude>
    <ClInclude Include="rg_module_font.h">
      <Filter>modules</Filter>
    </ClInclude>
  </ItemGroup>
  <ItemGroup>
    <ClCompile Include="rg_pluginmanager.cpp">
      <Filter>源文件</Filter>
    </ClCompile>
    <ClCompile Include="rg_pluginbase.cpp">
      <Filter>源文件</Filter>
    </ClCompile>
    <ClCompile Include="rg_module_font.cpp">
      <Filter>源文件</Filter>
    </ClCompile>
  </ItemGroup>
</Project>