<?xml version="1.0" encoding="utf-8"?>
<Project ToolsVersion="4.0" xmlns="http://schemas.microsoft.com/developer/msbuild/2003">
  <ItemGroup>
    <Filter Include="modules">
      <UniqueIdentifier>{386ea89c-eafe-44a4-8ac3-fd3926b1f11f}</UniqueIdentifier>
    </Filter>
    <Filter Include="window">
      <UniqueIdentifier>{9474e3ea-8acd-4dc1-a4b4-e482d07217c9}</UniqueIdentifier>
    </Filter>
    <Filter Include="graphics">
      <UniqueIdentifier>{6e737795-9093-47da-b967-c84f5b6d3107}</UniqueIdentifier>
    </Filter>
    <Filter Include="core">
      <UniqueIdentifier>{93995380-89BD-4b04-88EB-625FBE52EBFB}</UniqueIdentifier>
      <Extensions>h;hh;hpp;hxx;hm;inl;inc;xsd</Extensions>
    </Filter>
  </ItemGroup>
  <ItemGroup>
    <ClInclude Include="rg_pluginmanager.h">
      <Filter>core</Filter>
    </ClInclude>
    <ClInclude Include="rg_pluginbase.h">
      <Filter>core</Filter>
    </ClInclude>
    <ClInclude Include="rg_module_font.h">
      <Filter>modules</Filter>
    </ClInclude>
    <ClInclude Include="rg_windowManager.h">
      <Filter>window</Filter>
    </ClInclude>
    <ClInclude Include="rg_window.h">
      <Filter>window</Filter>
    </ClInclude>
    <ClInclude Include="rg_windowWindows.h">
      <Filter>window</Filter>
    </ClInclude>
    <ClInclude Include="rg_inc.h">
      <Filter>core</Filter>
    </ClInclude>
    <ClInclude Include="rg_log.h">
      <Filter>core</Filter>
    </ClInclude>
    <ClInclude Include="rgcore.h">
      <Filter>core</Filter>
    </ClInclude>
    <ClInclude Include="rg_signal.hpp">
      <Filter>core</Filter>
    </ClInclude>
  </ItemGroup>
  <ItemGroup>
    <ClCompile Include="rg_module_font.cpp">
      <Filter>modules</Filter>
    </ClCompile>
    <ClCompile Include="rg_window.cpp">
      <Filter>window</Filter>
    </ClCompile>
    <ClCompile Include="rg_windowManager.cpp">
      <Filter>window</Filter>
    </ClCompile>
    <ClCompile Include="rg_windowWindows.cpp">
      <Filter>window</Filter>
    </ClCompile>
    <ClCompile Include="rg_log.cpp">
      <Filter>core</Filter>
    </ClCompile>
    <ClCompile Include="rg_pluginbase.cpp">
      <Filter>core</Filter>
    </ClCompile>
    <ClCompile Include="rg_pluginmanager.cpp">
      <Filter>core</Filter>
    </ClCompile>
  </ItemGroup>
</Project>