<?xml version="1.0" encoding="utf-8"?>
<Project ToolsVersion="4.0" xmlns="http://schemas.microsoft.com/developer/msbuild/2003">
  <ItemGroup>
    <ClInclude Include="rg_image.h">
      <Filter>header</Filter>
    </ClInclude>
    <ClInclude Include="rg_image_loader.h">
      <Filter>header</Filter>
    </ClInclude>
    <ClInclude Include="rg_inc.h">
      <Filter>header</Filter>
    </ClInclude>
    <ClInclude Include="rg_log.h">
      <Filter>header</Filter>
    </ClInclude>
    <ClInclude Include="rg_math.h">
      <Filter>header</Filter>
    </ClInclude>
    <ClInclude Include="rg_module_font.h">
      <Filter>header</Filter>
    </ClInclude>
    <ClInclude Include="rg_pluginbase.h">
      <Filter>header</Filter>
    </ClInclude>
    <ClInclude Include="rg_pluginmanager.h">
      <Filter>header</Filter>
    </ClInclude>
    <ClInclude Include="rg_signal.hpp">
      <Filter>header</Filter>
    </ClInclude>
    <ClInclude Include="rg_utility.h">
      <Filter>header</Filter>
    </ClInclude>
    <ClInclude Include="rg_window.h">
      <Filter>header</Filter>
    </ClInclude>
    <ClInclude Include="rg_windowManager.h">
      <Filter>header</Filter>
    </ClInclude>
    <ClInclude Include="rg_windowWindows.h">
      <Filter>header</Filter>
    </ClInclude>
    <ClInclude Include="rgcore.h">
      <Filter>header</Filter>
    </ClInclude>
  </ItemGroup>
  <ItemGroup>
    <ClCompile Include="rg_image.cpp" />
    <ClCompile Include="rg_image_loader.cpp" />
    <ClCompile Include="rg_log.cpp" />
    <ClCompile Include="rg_math.cpp" />
    <ClCompile Include="rg_module_font.cpp" />
    <ClCompile Include="rg_pluginbase.cpp" />
    <ClCompile Include="rg_pluginmanager.cpp" />
    <ClCompile Include="rg_utility.cpp" />
    <ClCompile Include="rg_window.cpp" />
    <ClCompile Include="rg_windowManager.cpp" />
    <ClCompile Include="rg_windowWindows.cpp" />
    <ClCompile Include="rgcore.cpp" />
  </ItemGroup>
  <ItemGroup>
    <Filter Include="header">
      <UniqueIdentifier>{bf43a7ff-df98-4590-a9d7-9e32ddccc487}</UniqueIdentifier>
    </Filter>
  </ItemGroup>
</Project>