<?xml version="1.0" encoding="utf-8"?>
<Project ToolsVersion="4.0" xmlns="http://schemas.microsoft.com/developer/msbuild/2003">
  <ItemGroup>
    <Filter Include="H">
      <UniqueIdentifier>{874267d6-ffb0-45aa-ade3-9a20f6f6cf5f}</UniqueIdentifier>
    </Filter>
    <Filter Include="_TP">
      <UniqueIdentifier>{b49c640b-0a81-4794-a5e2-c14b06111764}</UniqueIdentifier>
    </Filter>
  </ItemGroup>
  <ItemGroup>
    <ClInclude Include="cImguiImplDX11.h">
      <Filter>_TP</Filter>
    </ClInclude>
    <ClInclude Include="RigelAPI.h">
      <Filter>H</Filter>
    </ClInclude>
    <ClInclude Include="RigelEditorApp.h">
      <Filter>H</Filter>
    </ClInclude>
    <ClInclude Include="Stdafx.h">
      <Filter>H</Filter>
    </ClInclude>
    <ClInclude Include="EditorApp.h">
      <Filter>H</Filter>
    </ClInclude>
    <ClInclude Include="GrphicsBackend.h">
      <Filter>H</Filter>
    </ClInclude>
  </ItemGroup>
  <ItemGroup>
    <ClCompile Include="Stdafx.cpp" />
    <ClCompile Include="AssemblyInfo.cpp" />
    <ClCompile Include="cImguiImplDX11.cpp">
      <Filter>_TP</Filter>
    </ClCompile>
    <ClCompile Include="RigelAPI.cpp" />
    <ClCompile Include="RigelEditorApp.cpp" />
    <ClCompile Include="EditorApp.cpp" />
    <ClCompile Include="GrphicsBackend.cpp" />
  </ItemGroup>
</Project>