<?xml version="1.0" encoding="utf-8"?>
<Project ToolsVersion="4.0" xmlns="http://schemas.microsoft.com/developer/msbuild/2003">
  <ItemGroup>
    <ClInclude Include="rg_gui.h" />
    <ClInclude Include="rg_gui_context.h" />
    <ClInclude Include="rg_gui_draw_buffer.h" />
    <ClInclude Include="rggui.h" />
    <ClInclude Include="rg_gui_bind_graphics.h" />
    <ClInclude Include="rg_gui_style.h" />
  </ItemGroup>
  <ItemGroup>
    <ClCompile Include="rg_gui.cpp" />
    <ClCompile Include="rg_gui_context.cpp" />
    <ClCompile Include="rg_gui_draw_buffer.cpp" />
    <ClCompile Include="rggui.cpp" />
    <ClCompile Include="rg_gui_bind_graphics.cpp" />
    <ClCompile Include="rg_gui_style.cpp" />
  </ItemGroup>
</Project>