<?xml version="1.0" encoding="utf-8"?>
<Project ToolsVersion="4.0" xmlns="http://schemas.microsoft.com/developer/msbuild/2003">
  <ItemGroup>
    <ClInclude Include="rg_graphicsAPI.h" />
    <ClInclude Include="rg_graphicsContextDX11.h">
      <Filter>dx11</Filter>
    </ClInclude>
    <ClInclude Include="rg_shaderDX11.h">
      <Filter>dx11</Filter>
    </ClInclude>
    <ClInclude Include="rg_bufferDX11.h">
      <Filter>dx11</Filter>
    </ClInclude>
    <ClInclude Include="rg_material.h">
      <Filter>struct</Filter>
    </ClInclude>
    <ClInclude Include="rg_shader.h">
      <Filter>struct</Filter>
    </ClInclude>
    <ClInclude Include="rg_texture.h">
      <Filter>struct</Filter>
    </ClInclude>
    <ClInclude Include="rg_buffer.h">
      <Filter>struct</Filter>
    </ClInclude>
    <ClInclude Include="rg_render_context.h">
      <Filter>struct</Filter>
    </ClInclude>
    <ClInclude Include="rg_render_context_dx11.h">
      <Filter>dx11</Filter>
    </ClInclude>
    <ClInclude Include="rg_inputlayout.h">
      <Filter>struct</Filter>
    </ClInclude>
    <ClInclude Include="rg_command_list.h">
      <Filter>struct</Filter>
    </ClInclude>
    <ClInclude Include="rg_command_list_dx11.h">
      <Filter>dx11</Filter>
    </ClInclude>
    <ClInclude Include="rggraphics.h" />
    <ClInclude Include="rggraphics_inc.h" />
    <ClInclude Include="rg_viewport.h">
      <Filter>struct</Filter>
    </ClInclude>
    <ClInclude Include="rg_rasterizer_state.h">
      <Filter>struct</Filter>
    </ClInclude>
    <ClInclude Include="rg_rasterizer_state_dx11.h">
      <Filter>dx11</Filter>
    </ClInclude>
    <ClInclude Include="rg_depthstencil_state.h">
      <Filter>struct</Filter>
    </ClInclude>
    <ClInclude Include="rg_depthstencil_state_dx11.h">
      <Filter>dx11</Filter>
    </ClInclude>
    <ClInclude Include="rg_texture_dx11.h">
      <Filter>dx11</Filter>
    </ClInclude>
    <ClInclude Include="rg_render_target.h">
      <Filter>struct</Filter>
    </ClInclude>
    <ClInclude Include="rg_graphicscontext.h">
      <Filter>struct</Filter>
    </ClInclude>
    <ClInclude Include="rg_sampler.h">
      <Filter>struct</Filter>
    </ClInclude>
    <ClInclude Include="rg_sampler_dx11.h">
      <Filter>dx11</Filter>
    </ClInclude>
    <ClInclude Include="rg_blend_state.h">
      <Filter>struct</Filter>
    </ClInclude>
    <ClInclude Include="rg_blend_state_dx11.h">
      <Filter>dx11</Filter>
    </ClInclude>
  </ItemGroup>
  <ItemGroup>
    <ClCompile Include="rg_graphicsAPI.cpp" />
    <ClCompile Include="rg_graphicsContextDX11.cpp">
      <Filter>dx11</Filter>
    </ClCompile>
    <ClCompile Include="rg_shaderDX11.cpp">
      <Filter>dx11</Filter>
    </ClCompile>
    <ClCompile Include="rg_bufferDX11.cpp">
      <Filter>dx11</Filter>
    </ClCompile>
    <ClCompile Include="rg_shader.cpp">
      <Filter>struct</Filter>
    </ClCompile>
    <ClCompile Include="rg_texture.cpp">
      <Filter>struct</Filter>
    </ClCompile>
    <ClCompile Include="rg_buffer.cpp">
      <Filter>struct</Filter>
    </ClCompile>
    <ClCompile Include="rg_render_context.cpp">
      <Filter>struct</Filter>
    </ClCompile>
    <ClCompile Include="rg_render_context_dx11.cpp">
      <Filter>dx11</Filter>
    </ClCompile>
    <ClCompile Include="rg_inputlayout.cpp">
      <Filter>struct</Filter>
    </ClCompile>
    <ClCompile Include="rg_command_list_dx11.cpp">
      <Filter>dx11</Filter>
    </ClCompile>
    <ClCompile Include="rg_command_list.cpp">
      <Filter>struct</Filter>
    </ClCompile>
    <ClCompile Include="rggraphics.cpp" />
    <ClCompile Include="rg_rasterizer_state.cpp">
      <Filter>struct</Filter>
    </ClCompile>
    <ClCompile Include="rg_rasterizer_state_dx11.cpp">
      <Filter>dx11</Filter>
    </ClCompile>
    <ClCompile Include="rg_depthstencil_state.cpp">
      <Filter>struct</Filter>
    </ClCompile>
    <ClCompile Include="rg_depthstencil_state_dx11.cpp">
      <Filter>dx11</Filter>
    </ClCompile>
    <ClCompile Include="rg_texture_dx11.cpp">
      <Filter>dx11</Filter>
    </ClCompile>
    <ClCompile Include="rg_render_target.cpp">
      <Filter>struct</Filter>
    </ClCompile>
    <ClCompile Include="rg_graphicscontext.cpp">
      <Filter>struct</Filter>
    </ClCompile>
    <ClCompile Include="rg_sampler.cpp">
      <Filter>struct</Filter>
    </ClCompile>
    <ClCompile Include="rg_sampler_dx11.cpp">
      <Filter>dx11</Filter>
    </ClCompile>
    <ClCompile Include="rg_blend_state.cpp">
      <Filter>struct</Filter>
    </ClCompile>
    <ClCompile Include="rg_blend_state_dx11.cpp">
      <Filter>dx11</Filter>
    </ClCompile>
  </ItemGroup>
  <ItemGroup>
    <Filter Include="dx11">
      <UniqueIdentifier>{6866c8dc-7457-4803-863d-2fab8f4018fe}</UniqueIdentifier>
    </Filter>
    <Filter Include="struct">
      <UniqueIdentifier>{aaaea347-9e82-4acc-a1cb-dcf1745a44db}</UniqueIdentifier>
    </Filter>
  </ItemGroup>
</Project>